
Microsoft Visual Studio Solution File, Format Version 12.00
# Visual Studio Version 17
VisualStudioVersion = 17.5.002.0
MinimumVisualStudioVersion = 10.0.40219.1
Project("{9A19103F-16F7-4668-BE54-9A1E7A4F7556}") = "test", "test.csproj", "{983476D9-F744-4BA0-9590-D36141CF5A12}"
EndProject
Global
	GlobalSection(SolutionConfigurationPlatforms) = preSolution
		Debug|Any CPU = Debug|Any CPU
		Release|Any CPU = Release|Any CPU
	EndGlobalSection
	GlobalSection(ProjectConfigurationPlatforms) = postSolution
		{983476D9-F744-4BA0-9590-D36141CF5A12}.Debug|Any CPU.ActiveCfg = Debug|Any CPU
		{983476D9-F744-4BA0-9590-D36141CF5A12}.Debug|Any CPU.Build.0 = Debug|Any CPU
		{983476D9-F744-4BA0-9590-D36141CF5A12}.Release|Any CPU.ActiveCfg = Release|Any CPU
		{983476D9-F744-4BA0-9590-D36141CF5A12}.Release|Any CPU.Build.0 = Release|Any CPU
	EndGlobalSection
	GlobalSection(SolutionProperties) = preSolution
		HideSolutionNode = FALSE
	EndGlobalSection
	GlobalSection(ExtensibilityGlobals) = postSolution
		SolutionGuid = {0A2C5EFA-1321-4FFE-8073-B5C7986D1562}
	EndGlobalSection
EndGlobal
